
Microsoft Visual Studio Solution File, Format Version 12.00
# Visual Studio Version 17
VisualStudioVersion = 17.1.32210.238
MinimumVisualStudioVersion = 10.0.40219.1
Project("{FAE04EC0-301F-11D3-BF4B-00C04F79EFBC}") = "uppgift 3.3", "uppgift 3.3\uppgift 3.3.csproj", "{145FE085-26E2-4F8C-B5AA-97702369D913}"
EndProject
Global
	GlobalSection(SolutionConfigurationPlatforms) = preSolution
		Debug|Any CPU = Debug|Any CPU
		Release|Any CPU = Release|Any CPU
	EndGlobalSection
	GlobalSection(ProjectConfigurationPlatforms) = postSolution
		{145FE085-26E2-4F8C-B5AA-97702369D913}.Debug|Any CPU.ActiveCfg = Debug|Any CPU
		{145FE085-26E2-4F8C-B5AA-97702369D913}.Debug|Any CPU.Build.0 = Debug|Any CPU
		{145FE085-26E2-4F8C-B5AA-97702369D913}.Release|Any CPU.ActiveCfg = Release|Any CPU
		{145FE085-26E2-4F8C-B5AA-97702369D913}.Release|Any CPU.Build.0 = Release|Any CPU
	EndGlobalSection
	GlobalSection(SolutionProperties) = preSolution
		HideSolutionNode = FALSE
	EndGlobalSection
	GlobalSection(ExtensibilityGlobals) = postSolution
		SolutionGuid = {0D2D213F-144E-49F6-819C-C7DA26405500}
	EndGlobalSection
EndGlobal
